
Microsoft Visual Studio Solution File, Format Version 12.00
# Visual Studio Version 17
VisualStudioVersion = 17.10.35013.160
MinimumVisualStudioVersion = 10.0.40219.1
Project("{FAE04EC0-301F-11D3-BF4B-00C04F79EFBC}") = "ExcelCRUDWebAPI", "ExcelCRUDWebAPI.csproj", "{98031CA9-DEDF-4BC4-9CCA-D9BA4A0EBBEC}"
EndProject
Global
	GlobalSection(SolutionConfigurationPlatforms) = preSolution
		Debug|Any CPU = Debug|Any CPU
		Release|Any CPU = Release|Any CPU
	EndGlobalSection
	GlobalSection(ProjectConfigurationPlatforms) = postSolution
		{98031CA9-DEDF-4BC4-9CCA-D9BA4A0EBBEC}.Debug|Any CPU.ActiveCfg = Debug|Any CPU
		{98031CA9-DEDF-4BC4-9CCA-D9BA4A0EBBEC}.Debug|Any CPU.Build.0 = Debug|Any CPU
		{98031CA9-DEDF-4BC4-9CCA-D9BA4A0EBBEC}.Release|Any CPU.ActiveCfg = Release|Any CPU
		{98031CA9-DEDF-4BC4-9CCA-D9BA4A0EBBEC}.Release|Any CPU.Build.0 = Release|Any CPU
	EndGlobalSection
	GlobalSection(SolutionProperties) = preSolution
		HideSolutionNode = FALSE
	EndGlobalSection
	GlobalSection(ExtensibilityGlobals) = postSolution
		SolutionGuid = {C99E1220-C464-4753-A7C7-DB7A983BDC21}
	EndGlobalSection
EndGlobal
